
Microsoft Visual Studio Solution File, Format Version 12.00
# Visual Studio Version 17
VisualStudioVersion = 17.3.32922.545
MinimumVisualStudioVersion = 10.0.40219.1
Project("{FAE04EC0-301F-11D3-BF4B-00C04F79EFBC}") = "WebApplicationtest", "WebApplicationtest\WebApplicationtest.csproj", "{E2EA85A8-DD59-41DD-8D39-7C2E168E135A}"
EndProject
Global
	GlobalSection(SolutionConfigurationPlatforms) = preSolution
		Debug|Any CPU = Debug|Any CPU
		Release|Any CPU = Release|Any CPU
	EndGlobalSection
	GlobalSection(ProjectConfigurationPlatforms) = postSolution
		{E2EA85A8-DD59-41DD-8D39-7C2E168E135A}.Debug|Any CPU.ActiveCfg = Debug|Any CPU
		{E2EA85A8-DD59-41DD-8D39-7C2E168E135A}.Debug|Any CPU.Build.0 = Debug|Any CPU
		{E2EA85A8-DD59-41DD-8D39-7C2E168E135A}.Release|Any CPU.ActiveCfg = Release|Any CPU
		{E2EA85A8-DD59-41DD-8D39-7C2E168E135A}.Release|Any CPU.Build.0 = Release|Any CPU
	EndGlobalSection
	GlobalSection(SolutionProperties) = preSolution
		HideSolutionNode = FALSE
	EndGlobalSection
	GlobalSection(ExtensibilityGlobals) = postSolution
		SolutionGuid = {04C57216-07EF-4E08-9F52-002CEBA8F6D0}
	EndGlobalSection
EndGlobal
